
Microsoft Visual Studio Solution File, Format Version 12.00
# Visual Studio Version 17
VisualStudioVersion = 17.14.36603.0 d17.14
MinimumVisualStudioVersion = 10.0.40219.1
Project("{FAE04EC0-301F-11D3-BF4B-00C04F79EFBC}") = "PreferencesWindowLib", "PreferencesWindowLib\PreferencesWindowLib.csproj", "{6A832288-570A-421D-AE48-5D681900E091}"
EndProject
Global
	GlobalSection(SolutionConfigurationPlatforms) = preSolution
		Debug|Any CPU = Debug|Any CPU
		Release|Any CPU = Release|Any CPU
	EndGlobalSection
	GlobalSection(ProjectConfigurationPlatforms) = postSolution
		{6A832288-570A-421D-AE48-5D681900E091}.Debug|Any CPU.ActiveCfg = Debug|Any CPU
		{6A832288-570A-421D-AE48-5D681900E091}.Debug|Any CPU.Build.0 = Debug|Any CPU
		{6A832288-570A-421D-AE48-5D681900E091}.Release|Any CPU.ActiveCfg = Release|Any CPU
		{6A832288-570A-421D-AE48-5D681900E091}.Release|Any CPU.Build.0 = Release|Any CPU
	EndGlobalSection
	GlobalSection(SolutionProperties) = preSolution
		HideSolutionNode = FALSE
	EndGlobalSection
	GlobalSection(ExtensibilityGlobals) = postSolution
		SolutionGuid = {3C92B32B-CFB9-4622-922D-FE651606D08B}
	EndGlobalSection
EndGlobal
